// !$*UTF8*$!
{
	archiveVersion = 1;
	classes = {
	};
	objectVersion = 46;
	objects = {

/* Begin PBXBuildFile section */
		13A896AE1DD8FA2F0043C792 /* AppDelegate.swift in Sources */ = {isa = PBXBuildFile; fileRef = 13A896AD1DD8FA2F0043C792 /* AppDelegate.swift */; };
		13A896B01DD8FA2F0043C792 /* ViewController.swift in Sources */ = {isa = PBXBuildFile; fileRef = 13A896AF1DD8FA2F0043C792 /* ViewController.swift */; };
		13A896B31DD8FA2F0043C792 /* Main.storyboard in Resources */ = {isa = PBXBuildFile; fileRef = 13A896B11DD8FA2F0043C792 /* Main.storyboard */; };
		13A896B51DD8FA2F0043C792 /* Assets.xcassets in Resources */ = {isa = PBXBuildFile; fileRef = 13A896B41DD8FA2F0043C792 /* Assets.xcassets */; };
		13A896B81DD8FA2F0043C792 /* LaunchScreen.storyboard in Resources */ = {isa = PBXBuildFile; fileRef = 13A896B61DD8FA2F0043C792 /* LaunchScreen.storyboard */; };
/* End PBXBuildFile section */

/* Begin PBXFileReference section */
		13A896AA1DD8FA2F0043C792 /* Scrollview-Onboard.app */ = {isa = PBXFileReference; explicitFileType = wrapper.application; includeInIndex = 0; path = "Scrollview-Onboard.app"; sourceTree = BUILT_PRODUCTS_DIR; };
		13A896AD1DD8FA2F0043C792 /* AppDelegate.swift */ = {isa = PBXFileReference; lastKnownFileType = sourcecode.swift; path = AppDelegate.swift; sourceTree = "<group>"; };
		13A896AF1DD8FA2F0043C792 /* ViewController.swift */ = {isa = PBXFileReference; lastKnownFileType = sourcecode.swift; path = ViewController.swift; sourceTree = "<group>"; };
		13A896B21DD8FA2F0043C792 /* Base */ = {isa = PBXFileReference; lastKnownFileType = file.storyboard; name = Base; path = Base.lproj/Main.storyboard; sourceTree = "<group>"; };
		13A896B41DD8FA2F0043C792 /* Assets.xcassets */ = {isa = PBXFileReference; lastKnownFileType = folder.assetcatalog; path = Assets.xcassets; sourceTree = "<group>"; };
		13A896B71DD8FA2F0043C792 /* Base */ = {isa = PBXFileReference; lastKnownFileType = file.storyboard; name = Base; path = Base.lproj/LaunchScreen.storyboard; sourceTree = "<group>"; };
		13A896B91DD8FA2F0043C792 /* Info.plist */ = {isa = PBXFileReference; lastKnownFileType = text.plist.xml; path = Info.plist; sourceTree = "<group>"; };
/* End PBXFileReference section */

/* Begin PBXFrameworksBuildPhase section */
		13A896A71DD8FA2E0043C792 /* Frameworks */ = {
			isa = PBXFrameworksBuildPhase;
			buildActionMask = 2147483647;
			files = (
			);
			runOnlyForDeploymentPostprocessing = 0;
		};
/* End PBXFrameworksBuildPhase section */

/* Begin PBXGroup section */
		13A896A11DD8FA2E0043C792 = {
			isa = PBXGroup;
			children = (
				13A896AC1DD8FA2F0043C792 /* Scrollview-Onboard */,
				13A896AB1DD8FA2F0043C792 /* Products */,
			);
			sourceTree = "<group>";
		};
		13A896AB1DD8FA2F0043C792 /* Products */ = {
			isa = PBXGroup;
			children = (
				13A896AA1DD8FA2F0043C792 /* Scrollview-Onboard.app */,
			);
			name = Products;
			sourceTree = "<group>";
		};
		13A896AC1DD8FA2F0043C792 /* Scrollview-Onboard */ = {
			isa = PBXGroup;
			children = (
				13A896AD1DD8FA2F0043C792 /* AppDelegate.swift */,
				13A896AF1DD8FA2F0043C792 /* ViewController.swift */,
				13A896B11DD8FA2F0043C792 /* Main.storyboard */,
				13A896B41DD8FA2F0043C792 /* Assets.xcassets */,
				13A896B61DD8FA2F0043C792 /* LaunchScreen.storyboard */,
				13A896B91DD8FA2F0043C792 /* Info.plist */,
			);
			path = "Scrollview-Onboard";
			sourceTree = "<group>";
		};
/* End PBXGroup section */

/* Begin PBXNativeTarget section */
		13A896A91DD8FA2E0043C792 /* Scrollview-Onboard */ = {
			isa = PBXNativeTarget;
			buildConfigurationList = 13A896BC1DD8FA2F0043C792 /* Build configuration list for PBXNativeTarget "Scrollview-Onboard" */;
			buildPhases = (
				13A896A61DD8FA2E0043C792 /* Sources */,
				13A896A71DD8FA2E0043C792 /* Frameworks */,
				13A896A81DD8FA2E0043C792 /* Resources */,
			);
			buildRules = (
			);
			dependencies = (
			);
			name = "Scrollview-Onboard";
			productName = "Scrollview-Onboard";
			productReference = 13A896AA1DD8FA2F0043C792 /* Scrollview-Onboard.app */;
			productType = "com.apple.product-type.application";
		};
/* End PBXNativeTarget section */

/* Begin PBXProject section */
		13A896A21DD8FA2E0043C792 /* Project object */ = {
			isa = PBXProject;
			attributes = {
				LastSwiftUpdateCheck = 0810;
				LastUpgradeCheck = 0810;
				ORGANIZATIONNAME = "Michael Darche";
				TargetAttributes = {
					13A896A91DD8FA2E0043C792 = {
						CreatedOnToolsVersion = 8.1;
						DevelopmentTeam = C86G3GDJVL;
						ProvisioningStyle = Automatic;
					};
				};
			};
			buildConfigurationList = 13A896A51DD8FA2E0043C792 /* Build configuration list for PBXProject "Scrollview-Onboard" */;
			compatibilityVersion = "Xcode 3.2";
			developmentRegion = English;
			hasScannedForEncodings = 0;
			knownRegions = (
				en,
				Base,
			);
			mainGroup = 13A896A11DD8FA2E0043C792;
			productRefGroup = 13A896AB1DD8FA2F0043C792 /* Products */;
			projectDirPath = "";
			projectRoot = "";
			targets = (
				13A896A91DD8FA2E0043C792 /* Scrollview-Onboard */,
			);
		};
/* End PBXProject section */

/* Begin PBXResourcesBuildPhase section */
		13A896A81DD8FA2E0043C792 /* Resources */ = {
			isa = PBXResourcesBuildPhase;
			buildActionMask = 2147483647;
			files = (
				13A896B81DD8FA2F0043C792 /* LaunchScreen.storyboard in Resources */,
				13A896B51DD8FA2F0043C792 /* Assets.xcassets in Resources */,
				13A896B31DD8FA2F0043C792 /* Main.storyboard in Resources */,
			);
			runOnlyForDeploymentPostprocessing = 0;
		};
/* End PBXResourcesBuildPhase section */

/* Begin PBXSourcesBuildPhase section */
		13A896A61DD8FA2E0043C792 /* Sources */ = {
			isa = PBXSourcesBuildPhase;
			buildActionMask = 2147483647;
			files = (
				13A896B01DD8FA2F0043C792 /* ViewController.swift in Sources */,
				13A896AE1DD8FA2F0043C792 /* AppDelegate.swift in Sources */,
			);
			runOnlyForDeploymentPostprocessing = 0;
		};
/* End PBXSourcesBuildPhase section */

/* Begin PBXVariantGroup section */
		13A896B11DD8FA2F0043C792 /* Main.storyboard */ = {
			isa = PBXVariantGroup;
			children = (
				13A896B21DD8FA2F0043C792 /* Base */,
			);
			name = Main.storyboard;
			sourceTree = "<group>";
		};
		13A896B61DD8FA2F0043C792 /* LaunchScreen.storyboard */ = {
			isa = PBXVariantGroup;
			children = (
				13A896B71DD8FA2F0043C792 /* Base */,
			);
			name = LaunchScreen.storyboard;
			sourceTree = "<group>";
		};
/* End PBXVariantGroup section */

/* Begin XCBuildConfiguration section */
		13A896BA1DD8FA2F0043C792 /* Debug */ = {
			isa = XCBuildConfiguration;
			buildSettings = {
				ALWAYS_SEARCH_USER_PATHS = NO;
				CLANG_ANALYZER_NONNULL = YES;
				CLANG_CXX_LANGUAGE_STANDARD = "gnu++0x";
				CLANG_CXX_LIBRARY = "libc++";
				CLANG_ENABLE_MODULES = YES;
				CLANG_ENABLE_OBJC_ARC = YES;
				CLANG_WARN_BOOL_CONVERSION = YES;
				CLANG_WARN_CONSTANT_CONVERSION = YES;
				CLANG_WARN_DIRECT_OBJC_ISA_USAGE = YES_ERROR;
				CLANG_WARN_DOCUMENTATION_COMMENTS = YES;
				CLANG_WARN_EMPTY_BODY = YES;
				CLANG_WARN_ENUM_CONVERSION = YES;
				CLANG_WARN_INFINITE_RECURSION = YES;
				CLANG_WARN_INT_CONVERSION = YES;
				CLANG_WARN_OBJC_ROOT_CLASS = YES_ERROR;
				CLANG_WARN_SUSPICIOUS_MOVES = YES;
				CLANG_WARN_UNREACHABLE_CODE = YES;
				CLANG_WARN__DUPLICATE_METHOD_MATCH = YES;
				"CODE_SIGN_IDENTITY[sdk=iphoneos*]" = "iPhone Developer";
				COPY_PHASE_STRIP = NO;
				DEBUG_INFORMATION_FORMAT = dwarf;
				ENABLE_STRICT_OBJC_MSGSEND = YES;
				ENABLE_TESTABILITY = YES;
				GCC_C_LANGUAGE_STANDARD = gnu99;
				GCC_DYNAMIC_NO_PIC = NO;
				GCC_NO_COMMON_BLOCKS = YES;
				GCC_OPTIMIZATION_LEVEL = 0;
				GCC_PREPROCESSOR_DEFINITIONS = (
					"DEBUG=1",
					"$(inherited)",
				);
				GCC_WARN_64_TO_32_BIT_CONVERSION = YES;
				GCC_WARN_ABOUT_RETURN_TYPE = YES_ERROR;
				GCC_WARN_UNDECLARED_SELECTOR = YES;
				GCC_WARN_UNINITIALIZED_AUTOS = YES_AGGRESSIVE;
				GCC_WARN_UNUSED_FUNCTION = YES;
				GCC_WARN_UNUSED_VARIABLE = YES;
				IPHONEOS_DEPLOYMENT_TARGET = 10.1;
				MTL_ENABLE_DEBUG_INFO = YES;
				ONLY_ACTIVE_ARCH = YES;
				SDKROOT = iphoneos;
				SWIFT_ACTIVE_COMPILATION_CONDITIONS = DEBUG;
				SWIFT_OPTIMIZATION_LEVEL = "-Onone";
			};
			name = Debug;
		};
		13A896BB1DD8FA2F0043C792 /* Release */ = {
			isa = XCBuildConfiguration;
			buildSettings = {
				ALWAYS_SEARCH_USER_PATHS = NO;
				CLANG_ANALYZER_NONNULL = YES;
				CLANG_CXX_LANGUAGE_STANDARD = "gnu++0x";
				CLANG_CXX_LIBRARY = "libc++";
				CLANG_ENABLE_MODULES = YES;
				CLANG_ENABLE_OBJC_ARC = YES;
				CLANG_WARN_BOOL_CONVERSION = YES;
				CLANG_WARN_CONSTANT_CONVERSION = YES;
				CLANG_WARN_DIRECT_OBJC_ISA_USAGE = YES_ERROR;
				CLANG_WARN_DOCUMENTATION_COMMENTS = YES;
				CLANG_WARN_EMPTY_BODY = YES;
				CLANG_WARN_ENUM_CONVERSION = YES;
				CLANG_WARN_INFINITE_RECURSION = YES;
				CLANG_WARN_INT_CONVERSION = YES;
				CLANG_WARN_OBJC_ROOT_CLASS = YES_ERROR;
				CLANG_WARN_SUSPICIOUS_MOVES = YES;
				CLANG_WARN_UNREACHABLE_CODE = YES;
				CLANG_WARN__DUPLICATE_METHOD_MATCH = YES;
				"CODE_SIGN_IDENTITY[sdk=iphoneos*]" = "iPhone Developer";
				COPY_PHASE_STRIP = NO;
				DEBUG_INFORMATION_FORMAT = "dwarf-with-dsym";
				ENABLE_NS_ASSERTIONS = NO;
				ENABLE_STRICT_OBJC_MSGSEND = YES;
				GCC_C_LANGUAGE_STANDARD = gnu99;
				GCC_NO_COMMON_BLOCKS = YES;
				GCC_WARN_64_TO_32_BIT_CONVERSION = YES;
				GCC_WARN_ABOUT_RETURN_TYPE = YES_ERROR;
				GCC_WARN_UNDECLARED_SELECTOR = YES;
				GCC_WARN_UNINITIALIZED_AUTOS = YES_AGGRESSIVE;
				GCC_WARN_UNUSED_FUNCTION = YES;
				GCC_WARN_UNUSED_VARIABLE = YES;
				IPHONEOS_DEPLOYMENT_TARGET = 10.1;
				MTL_ENABLE_DEBUG_INFO = NO;
				SDKROOT = iphoneos;
				SWIFT_OPTIMIZATION_LEVEL = "-Owholemodule";
				VALIDATE_PRODUCT = YES;
			};
			name = Release;
		};
		13A896BD1DD8FA2F0043C792 /* Debug */ = {
			isa = XCBuildConfiguration;
			buildSettings = {
				ASSETCATALOG_COMPILER_APPICON_NAME = AppIcon;
				DEVELOPMENT_TEAM = C86G3GDJVL;
				INFOPLIST_FILE = "Scrollview-Onboard/Info.plist";
				LD_RUNPATH_SEARCH_PATHS = "$(inherited) @executable_path/Frameworks";
				PRODUCT_BUNDLE_IDENTIFIER = "com.michaeldarche.Scrollview-Onboard";
				PRODUCT_NAME = "$(TARGET_NAME)";
				SWIFT_VERSION = 3.0;
			};
			name = Debug;
		};
		13A896BE1DD8FA2F0043C792 /* Release */ = {
			isa = XCBuildConfiguration;
			buildSettings = {
				ASSETCATALOG_COMPILER_APPICON_NAME = AppIcon;
				DEVELOPMENT_TEAM = C86G3GDJVL;
				INFOPLIST_FILE = "Scrollview-Onboard/Info.plist";
				LD_RUNPATH_SEARCH_PATHS = "$(inherited) @executable_path/Frameworks";
				PRODUCT_BUNDLE_IDENTIFIER = "com.michaeldarche.Scrollview-Onboard";
				PRODUCT_NAME = "$(TARGET_NAME)";
				SWIFT_VERSION = 3.0;
			};
			name = Release;
		};
/* End XCBuildConfiguration section */

/* Begin XCConfigurationList section */
		13A896A51DD8FA2E0043C792 /* Build configuration list for PBXProject "Scrollview-Onboard" */ = {
			isa = XCConfigurationList;
			buildConfigurations = (
				13A896BA1DD8FA2F0043C792 /* Debug */,
				13A896BB1DD8FA2F0043C792 /* Release */,
			);
			defaultConfigurationIsVisible = 0;
			defaultConfigurationName = Release;
		};
		13A896BC1DD8FA2F0043C792 /* Build configuration list for PBXNativeTarget "Scrollview-Onboard" */ = {
			isa = XCConfigurationList;
			buildConfigurations = (
				13A896BD1DD8FA2F0043C792 /* Debug */,
				13A896BE1DD8FA2F0043C792 /* Release */,
			);
			defaultConfigurationIsVisible = 0;
		};
/* End XCConfigurationList section */
	};
	rootObject = 13A896A21DD8FA2E0043C792 /* Project object */;
}
